// !$*UTF8*$!
{
	archiveVersion = 1;
	classes = {
	};
	objectVersion = 46;
	objects = {

/* Begin PBXBuildFile section */
		B1AEF1221AAB2E32004BA3F2 /* main.m in Sources */ = {isa = PBXBuildFile; fileRef = B1AEF1211AAB2E32004BA3F2 /* main.m */; };
		B1AEF1251AAB2E32004BA3F2 /* AppDelegate.m in Sources */ = {isa = PBXBuildFile; fileRef = B1AEF1241AAB2E32004BA3F2 /* AppDelegate.m */; };
		B1AEF1281AAB2E32004BA3F2 /* ViewController.m in Sources */ = {isa = PBXBuildFile; fileRef = B1AEF1271AAB2E32004BA3F2 /* ViewController.m */; };
		B1AEF12B1AAB2E32004BA3F2 /* Main.storyboard in Resources */ = {isa = PBXBuildFile; fileRef = B1AEF1291AAB2E32004BA3F2 /* Main.storyboard */; };
		B1AEF12D1AAB2E32004BA3F2 /* Images.xcassets in Resources */ = {isa = PBXBuildFile; fileRef = B1AEF12C1AAB2E32004BA3F2 /* Images.xcassets */; };
		B1AEF1301AAB2E32004BA3F2 /* LaunchScreen.xib in Resources */ = {isa = PBXBuildFile; fileRef = B1AEF12E1AAB2E32004BA3F2 /* LaunchScreen.xib */; };
		B1AEF13C1AAB2E32004BA3F2 /* ToDoListTests.m in Sources */ = {isa = PBXBuildFile; fileRef = B1AEF13B1AAB2E32004BA3F2 /* ToDoListTests.m */; };
/* End PBXBuildFile section */

/* Begin PBXContainerItemProxy section */
		B1AEF1361AAB2E32004BA3F2 /* PBXContainerItemProxy */ = {
			isa = PBXContainerItemProxy;
			containerPortal = B1AEF1141AAB2E32004BA3F2 /* Project object */;
			proxyType = 1;
			remoteGlobalIDString = B1AEF11B1AAB2E32004BA3F2;
			remoteInfo = ToDoList;
		};
/* End PBXContainerItemProxy section */

/* Begin PBXFileReference section */
		B1AEF11C1AAB2E32004BA3F2 /* ToDoList.app */ = {isa = PBXFileReference; explicitFileType = wrapper.application; includeInIndex = 0; path = ToDoList.app; sourceTree = BUILT_PRODUCTS_DIR; };
		B1AEF1201AAB2E32004BA3F2 /* Info.plist */ = {isa = PBXFileReference; lastKnownFileType = text.plist.xml; path = Info.plist; sourceTree = "<group>"; };
		B1AEF1211AAB2E32004BA3F2 /* main.m */ = {isa = PBXFileReference; lastKnownFileType = sourcecode.c.objc; path = main.m; sourceTree = "<group>"; };
		B1AEF1231AAB2E32004BA3F2 /* AppDelegate.h */ = {isa = PBXFileReference; lastKnownFileType = sourcecode.c.h; path = AppDelegate.h; sourceTree = "<group>"; };
		B1AEF1241AAB2E32004BA3F2 /* AppDelegate.m */ = {isa = PBXFileReference; lastKnownFileType = sourcecode.c.objc; path = AppDelegate.m; sourceTree = "<group>"; };
		B1AEF1261AAB2E32004BA3F2 /* ViewController.h */ = {isa = PBXFileReference; lastKnownFileType = sourcecode.c.h; path = ViewController.h; sourceTree = "<group>"; };
		B1AEF1271AAB2E32004BA3F2 /* ViewController.m */ = {isa = PBXFileReference; lastKnownFileType = sourcecode.c.objc; path = ViewController.m; sourceTree = "<group>"; };
		B1AEF12A1AAB2E32004BA3F2 /* Base */ = {isa = PBXFileReference; lastKnownFileType = file.storyboard; name = Base; path = Base.lproj/Main.storyboard; sourceTree = "<group>"; };
		B1AEF12C1AAB2E32004BA3F2 /* Images.xcassets */ = {isa = PBXFileReference; lastKnownFileType = folder.assetcatalog; path = Images.xcassets; sourceTree = "<group>"; };
		B1AEF12F1AAB2E32004BA3F2 /* Base */ = {isa = PBXFileReference; lastKnownFileType = file.xib; name = Base; path = Base.lproj/LaunchScreen.xib; sourceTree = "<group>"; };
		B1AEF1351AAB2E32004BA3F2 /* ToDoListTests.xctest */ = {isa = PBXFileReference; explicitFileType = wrapper.cfbundle; includeInIndex = 0; path = ToDoListTests.xctest; sourceTree = BUILT_PRODUCTS_DIR; };
		B1AEF13A1AAB2E32004BA3F2 /* Info.plist */ = {isa = PBXFileReference; lastKnownFileType = text.plist.xml; path = Info.plist; sourceTree = "<group>"; };
		B1AEF13B1AAB2E32004BA3F2 /* ToDoListTests.m */ = {isa = PBXFileReference; lastKnownFileType = sourcecode.c.objc; path = ToDoListTests.m; sourceTree = "<group>"; };
/* End PBXFileReference section */

/* Begin PBXFrameworksBuildPhase section */
		B1AEF1191AAB2E32004BA3F2 /* Frameworks */ = {
			isa = PBXFrameworksBuildPhase;
			buildActionMask = 2147483647;
			files = (
			);
			runOnlyForDeploymentPostprocessing = 0;
		};
		B1AEF1321AAB2E32004BA3F2 /* Frameworks */ = {
			isa = PBXFrameworksBuildPhase;
			buildActionMask = 2147483647;
			files = (
			);
			runOnlyForDeploymentPostprocessing = 0;
		};
/* End PBXFrameworksBuildPhase section */

/* Begin PBXGroup section */
		B1AEF1131AAB2E32004BA3F2 = {
			isa = PBXGroup;
			children = (
				B1AEF11E1AAB2E32004BA3F2 /* ToDoList */,
				B1AEF1381AAB2E32004BA3F2 /* ToDoListTests */,
				B1AEF11D1AAB2E32004BA3F2 /* Products */,
			);
			sourceTree = "<group>";
		};
		B1AEF11D1AAB2E32004BA3F2 /* Products */ = {
			isa = PBXGroup;
			children = (
				B1AEF11C1AAB2E32004BA3F2 /* ToDoList.app */,
				B1AEF1351AAB2E32004BA3F2 /* ToDoListTests.xctest */,
			);
			name = Products;
			sourceTree = "<group>";
		};
		B1AEF11E1AAB2E32004BA3F2 /* ToDoList */ = {
			isa = PBXGroup;
			children = (
				B1AEF1231AAB2E32004BA3F2 /* AppDelegate.h */,
				B1AEF1241AAB2E32004BA3F2 /* AppDelegate.m */,
				B1AEF1261AAB2E32004BA3F2 /* ViewController.h */,
				B1AEF1271AAB2E32004BA3F2 /* ViewController.m */,
				B1AEF1291AAB2E32004BA3F2 /* Main.storyboard */,
				B1AEF12C1AAB2E32004BA3F2 /* Images.xcassets */,
				B1AEF12E1AAB2E32004BA3F2 /* LaunchScreen.xib */,
				B1AEF11F1AAB2E32004BA3F2 /* Supporting Files */,
			);
			path = ToDoList;
			sourceTree = "<group>";
		};
		B1AEF11F1AAB2E32004BA3F2 /* Supporting Files */ = {
			isa = PBXGroup;
			children = (
				B1AEF1201AAB2E32004BA3F2 /* Info.plist */,
				B1AEF1211AAB2E32004BA3F2 /* main.m */,
			);
			name = "Supporting Files";
			sourceTree = "<group>";
		};
		B1AEF1381AAB2E32004BA3F2 /* ToDoListTests */ = {
			isa = PBXGroup;
			children = (
				B1AEF13B1AAB2E32004BA3F2 /* ToDoListTests.m */,
				B1AEF1391AAB2E32004BA3F2 /* Supporting Files */,
			);
			path = ToDoListTests;
			sourceTree = "<group>";
		};
		B1AEF1391AAB2E32004BA3F2 /* Supporting Files */ = {
			isa = PBXGroup;
			children = (
				B1AEF13A1AAB2E32004BA3F2 /* Info.plist */,
			);
			name = "Supporting Files";
			sourceTree = "<group>";
		};
/* End PBXGroup section */

/* Begin PBXNativeTarget section */
		B1AEF11B1AAB2E32004BA3F2 /* ToDoList */ = {
			isa = PBXNativeTarget;
			buildConfigurationList = B1AEF13F1AAB2E32004BA3F2 /* Build configuration list for PBXNativeTarget "ToDoList" */;
			buildPhases = (
				B1AEF1181AAB2E32004BA3F2 /* Sources */,
				B1AEF1191AAB2E32004BA3F2 /* Frameworks */,
				B1AEF11A1AAB2E32004BA3F2 /* Resources */,
			);
			buildRules = (
			);
			dependencies = (
			);
			name = ToDoList;
			productName = ToDoList;
			productReference = B1AEF11C1AAB2E32004BA3F2 /* ToDoList.app */;
			productType = "com.apple.product-type.application";
		};
		B1AEF1341AAB2E32004BA3F2 /* ToDoListTests */ = {
			isa = PBXNativeTarget;
			buildConfigurationList = B1AEF1421AAB2E32004BA3F2 /* Build configuration list for PBXNativeTarget "ToDoListTests" */;
			buildPhases = (
				B1AEF1311AAB2E32004BA3F2 /* Sources */,
				B1AEF1321AAB2E32004BA3F2 /* Frameworks */,
				B1AEF1331AAB2E32004BA3F2 /* Resources */,
			);
			buildRules = (
			);
			dependencies = (
				B1AEF1371AAB2E32004BA3F2 /* PBXTargetDependency */,
			);
			name = ToDoListTests;
			productName = ToDoListTests;
			productReference = B1AEF1351AAB2E32004BA3F2 /* ToDoListTests.xctest */;
			productType = "com.apple.product-type.bundle.unit-test";
		};
/* End PBXNativeTarget section */

/* Begin PBXProject section */
		B1AEF1141AAB2E32004BA3F2 /* Project object */ = {
			isa = PBXProject;
			attributes = {
				LastUpgradeCheck = 0610;
				ORGANIZATIONNAME = Phillip;
				TargetAttributes = {
					B1AEF11B1AAB2E32004BA3F2 = {
						CreatedOnToolsVersion = 6.1.1;
					};
					B1AEF1341AAB2E32004BA3F2 = {
						CreatedOnToolsVersion = 6.1.1;
						TestTargetID = B1AEF11B1AAB2E32004BA3F2;
					};
				};
			};
			buildConfigurationList = B1AEF1171AAB2E32004BA3F2 /* Build configuration list for PBXProject "ToDoList" */;
			compatibilityVersion = "Xcode 3.2";
			developmentRegion = English;
			hasScannedForEncodings = 0;
			knownRegions = (
				en,
				Base,
			);
			mainGroup = B1AEF1131AAB2E32004BA3F2;
			productRefGroup = B1AEF11D1AAB2E32004BA3F2 /* Products */;
			projectDirPath = "";
			projectRoot = "";
			targets = (
				B1AEF11B1AAB2E32004BA3F2 /* ToDoList */,
				B1AEF1341AAB2E32004BA3F2 /* ToDoListTests */,
			);
		};
/* End PBXProject section */

/* Begin PBXResourcesBuildPhase section */
		B1AEF11A1AAB2E32004BA3F2 /* Resources */ = {
			isa = PBXResourcesBuildPhase;
			buildActionMask = 2147483647;
			files = (
				B1AEF12B1AAB2E32004BA3F2 /* Main.storyboard in Resources */,
				B1AEF1301AAB2E32004BA3F2 /* LaunchScreen.xib in Resources */,
				B1AEF12D1AAB2E32004BA3F2 /* Images.xcassets in Resources */,
			);
			runOnlyForDeploymentPostprocessing = 0;
		};
		B1AEF1331AAB2E32004BA3F2 /* Resources */ = {
			isa = PBXResourcesBuildPhase;
			buildActionMask = 2147483647;
			files = (
			);
			runOnlyForDeploymentPostprocessing = 0;
		};
/* End PBXResourcesBuildPhase section */

/* Begin PBXSourcesBuildPhase section */
		B1AEF1181AAB2E32004BA3F2 /* Sources */ = {
			isa = PBXSourcesBuildPhase;
			buildActionMask = 2147483647;
			files = (
				B1AEF1281AAB2E32004BA3F2 /* ViewController.m in Sources */,
				B1AEF1251AAB2E32004BA3F2 /* AppDelegate.m in Sources */,
				B1AEF1221AAB2E32004BA3F2 /* main.m in Sources */,
			);
			runOnlyForDeploymentPostprocessing = 0;
		};
		B1AEF1311AAB2E32004BA3F2 /* Sources */ = {
			isa = PBXSourcesBuildPhase;
			buildActionMask = 2147483647;
			files = (
				B1AEF13C1AAB2E32004BA3F2 /* ToDoListTests.m in Sources */,
			);
			runOnlyForDeploymentPostprocessing = 0;
		};
/* End PBXSourcesBuildPhase section */

/* Begin PBXTargetDependency section */
		B1AEF1371AAB2E32004BA3F2 /* PBXTargetDependency */ = {
			isa = PBXTargetDependency;
			target = B1AEF11B1AAB2E32004BA3F2 /* ToDoList */;
			targetProxy = B1AEF1361AAB2E32004BA3F2 /* PBXContainerItemProxy */;
		};
/* End PBXTargetDependency section */

/* Begin PBXVariantGroup section */
		B1AEF1291AAB2E32004BA3F2 /* Main.storyboard */ = {
			isa = PBXVariantGroup;
			children = (
				B1AEF12A1AAB2E32004BA3F2 /* Base */,
			);
			name = Main.storyboard;
			sourceTree = "<group>";
		};
		B1AEF12E1AAB2E32004BA3F2 /* LaunchScreen.xib */ = {
			isa = PBXVariantGroup;
			children = (
				B1AEF12F1AAB2E32004BA3F2 /* Base */,
			);
			name = LaunchScreen.xib;
			sourceTree = "<group>";
		};
/* End PBXVariantGroup section */

/* Begin XCBuildConfiguration section */
		B1AEF13D1AAB2E32004BA3F2 /* Debug */ = {
			isa = XCBuildConfiguration;
			buildSettings = {
				ALWAYS_SEARCH_USER_PATHS = NO;
				CLANG_CXX_LANGUAGE_STANDARD = "gnu++0x";
				CLANG_CXX_LIBRARY = "libc++";
				CLANG_ENABLE_MODULES = YES;
				CLANG_ENABLE_OBJC_ARC = YES;
				CLANG_WARN_BOOL_CONVERSION = YES;
				CLANG_WARN_CONSTANT_CONVERSION = YES;
				CLANG_WARN_DIRECT_OBJC_ISA_USAGE = YES_ERROR;
				CLANG_WARN_EMPTY_BODY = YES;
				CLANG_WARN_ENUM_CONVERSION = YES;
				CLANG_WARN_INT_CONVERSION = YES;
				CLANG_WARN_OBJC_ROOT_CLASS = YES_ERROR;
				CLANG_WARN_UNREACHABLE_CODE = YES;
				CLANG_WARN__DUPLICATE_METHOD_MATCH = YES;
				"CODE_SIGN_IDENTITY[sdk=iphoneos*]" = "iPhone Developer";
				COPY_PHASE_STRIP = NO;
				ENABLE_STRICT_OBJC_MSGSEND = YES;
				GCC_C_LANGUAGE_STANDARD = gnu99;
				GCC_DYNAMIC_NO_PIC = NO;
				GCC_OPTIMIZATION_LEVEL = 0;
				GCC_PREPROCESSOR_DEFINITIONS = (
					"DEBUG=1",
					"$(inherited)",
				);
				GCC_SYMBOLS_PRIVATE_EXTERN = NO;
				GCC_WARN_64_TO_32_BIT_CONVERSION = YES;
				GCC_WARN_ABOUT_RETURN_TYPE = YES_ERROR;
				GCC_WARN_UNDECLARED_SELECTOR = YES;
				GCC_WARN_UNINITIALIZED_AUTOS = YES_AGGRESSIVE;
				GCC_WARN_UNUSED_FUNCTION = YES;
				GCC_WARN_UNUSED_VARIABLE = YES;
				IPHONEOS_DEPLOYMENT_TARGET = 8.1;
				MTL_ENABLE_DEBUG_INFO = YES;
				ONLY_ACTIVE_ARCH = YES;
				SDKROOT = iphoneos;
				TARGETED_DEVICE_FAMILY = "1,2";
			};
			name = Debug;
		};
		B1AEF13E1AAB2E32004BA3F2 /* Release */ = {
			isa = XCBuildConfiguration;
			buildSettings = {
				ALWAYS_SEARCH_USER_PATHS = NO;
				CLANG_CXX_LANGUAGE_STANDARD = "gnu++0x";
				CLANG_CXX_LIBRARY = "libc++";
				CLANG_ENABLE_MODULES = YES;
				CLANG_ENABLE_OBJC_ARC = YES;
				CLANG_WARN_BOOL_CONVERSION = YES;
				CLANG_WARN_CONSTANT_CONVERSION = YES;
				CLANG_WARN_DIRECT_OBJC_ISA_USAGE = YES_ERROR;
				CLANG_WARN_EMPTY_BODY = YES;
				CLANG_WARN_ENUM_CONVERSION = YES;
				CLANG_WARN_INT_CONVERSION = YES;
				CLANG_WARN_OBJC_ROOT_CLASS = YES_ERROR;
				CLANG_WARN_UNREACHABLE_CODE = YES;
				CLANG_WARN__DUPLICATE_METHOD_MATCH = YES;
				"CODE_SIGN_IDENTITY[sdk=iphoneos*]" = "iPhone Developer";
				COPY_PHASE_STRIP = YES;
				ENABLE_NS_ASSERTIONS = NO;
				ENABLE_STRICT_OBJC_MSGSEND = YES;
				GCC_C_LANGUAGE_STANDARD = gnu99;
				GCC_WARN_64_TO_32_BIT_CONVERSION = YES;
				GCC_WARN_ABOUT_RETURN_TYPE = YES_ERROR;
				GCC_WARN_UNDECLARED_SELECTOR = YES;
				GCC_WARN_UNINITIALIZED_AUTOS = YES_AGGRESSIVE;
				GCC_WARN_UNUSED_FUNCTION = YES;
				GCC_WARN_UNUSED_VARIABLE = YES;
				IPHONEOS_DEPLOYMENT_TARGET = 8.1;
				MTL_ENABLE_DEBUG_INFO = NO;
				SDKROOT = iphoneos;
				TARGETED_DEVICE_FAMILY = "1,2";
				VALIDATE_PRODUCT = YES;
			};
			name = Release;
		};
		B1AEF1401AAB2E32004BA3F2 /* Debug */ = {
			isa = XCBuildConfiguration;
			buildSettings = {
				ASSETCATALOG_COMPILER_APPICON_NAME = AppIcon;
				INFOPLIST_FILE = ToDoList/Info.plist;
				LD_RUNPATH_SEARCH_PATHS = "$(inherited) @executable_path/Frameworks";
				PRODUCT_NAME = "$(TARGET_NAME)";
			};
			name = Debug;
		};
		B1AEF1411AAB2E32004BA3F2 /* Release */ = {
			isa = XCBuildConfiguration;
			buildSettings = {
				ASSETCATALOG_COMPILER_APPICON_NAME = AppIcon;
				INFOPLIST_FILE = ToDoList/Info.plist;
				LD_RUNPATH_SEARCH_PATHS = "$(inherited) @executable_path/Frameworks";
				PRODUCT_NAME = "$(TARGET_NAME)";
			};
			name = Release;
		};
		B1AEF1431AAB2E32004BA3F2 /* Debug */ = {
			isa = XCBuildConfiguration;
			buildSettings = {
				BUNDLE_LOADER = "$(TEST_HOST)";
				FRAMEWORK_SEARCH_PATHS = (
					"$(SDKROOT)/Developer/Library/Frameworks",
					"$(inherited)",
				);
				GCC_PREPROCESSOR_DEFINITIONS = (
					"DEBUG=1",
					"$(inherited)",
				);
				INFOPLIST_FILE = ToDoListTests/Info.plist;
				LD_RUNPATH_SEARCH_PATHS = "$(inherited) @executable_path/Frameworks @loader_path/Frameworks";
				PRODUCT_NAME = "$(TARGET_NAME)";
				TEST_HOST = "$(BUILT_PRODUCTS_DIR)/ToDoList.app/ToDoList";
			};
			name = Debug;
		};
		B1AEF1441AAB2E32004BA3F2 /* Release */ = {
			isa = XCBuildConfiguration;
			buildSettings = {
				BUNDLE_LOADER = "$(TEST_HOST)";
				FRAMEWORK_SEARCH_PATHS = (
					"$(SDKROOT)/Developer/Library/Frameworks",
					"$(inherited)",
				);
				INFOPLIST_FILE = ToDoListTests/Info.plist;
				LD_RUNPATH_SEARCH_PATHS = "$(inherited) @executable_path/Frameworks @loader_path/Frameworks";
				PRODUCT_NAME = "$(TARGET_NAME)";
				TEST_HOST = "$(BUILT_PRODUCTS_DIR)/ToDoList.app/ToDoList";
			};
			name = Release;
		};
/* End XCBuildConfiguration section */

/* Begin XCConfigurationList section */
		B1AEF1171AAB2E32004BA3F2 /* Build configuration list for PBXProject "ToDoList" */ = {
			isa = XCConfigurationList;
			buildConfigurations = (
				B1AEF13D1AAB2E32004BA3F2 /* Debug */,
				B1AEF13E1AAB2E32004BA3F2 /* Release */,
			);
			defaultConfigurationIsVisible = 0;
			defaultConfigurationName = Release;
		};
		B1AEF13F1AAB2E32004BA3F2 /* Build configuration list for PBXNativeTarget "ToDoList" */ = {
			isa = XCConfigurationList;
			buildConfigurations = (
				B1AEF1401AAB2E32004BA3F2 /* Debug */,
				B1AEF1411AAB2E32004BA3F2 /* Release */,
			);
			defaultConfigurationIsVisible = 0;
		};
		B1AEF1421AAB2E32004BA3F2 /* Build configuration list for PBXNativeTarget "ToDoListTests" */ = {
			isa = XCConfigurationList;
			buildConfigurations = (
				B1AEF1431AAB2E32004BA3F2 /* Debug */,
				B1AEF1441AAB2E32004BA3F2 /* Release */,
			);
			defaultConfigurationIsVisible = 0;
		};
/* End XCConfigurationList section */
	};
	rootObject = B1AEF1141AAB2E32004BA3F2 /* Project object */;
}
